// !$*UTF8*$!
{
	archiveVersion = 1;
	classes = {};
	objectVersion = 56;
	objects = {

/* Begin PBXBuildFile section */
		CA01 /* main.swift in Sources */ = {isa = PBXBuildFile; fileRef = CB01; };
		CA02 /* ConfiguratorAppDelegate.swift in Sources */ = {isa = PBXBuildFile; fileRef = CB02; };
		CA03 /* ConfiguratorViewController.swift in Sources */ = {isa = PBXBuildFile; fileRef = CB03; };
		CA04 /* Profile.swift in Sources */ = {isa = PBXBuildFile; fileRef = CB04; };
		CA05 /* ProfileStore.swift in Sources */ = {isa = PBXBuildFile; fileRef = CB05; };
		CA06 /* KeyMapping.swift in Sources */ = {isa = PBXBuildFile; fileRef = CB06; };
/* End PBXBuildFile section */

/* Begin PBXFileReference section */
		CB01 /* main.swift */ = {isa = PBXFileReference; lastKnownFileType = sourcecode.swift; path = main.swift; sourceTree = "<group>"; };
		CB02 /* ConfiguratorAppDelegate.swift */ = {isa = PBXFileReference; lastKnownFileType = sourcecode.swift; path = ConfiguratorAppDelegate.swift; sourceTree = "<group>"; };
		CB03 /* ConfiguratorViewController.swift */ = {isa = PBXFileReference; lastKnownFileType = sourcecode.swift; path = ConfiguratorViewController.swift; sourceTree = "<group>"; };
		CB04 /* Profile.swift */ = {isa = PBXFileReference; lastKnownFileType = sourcecode.swift; path = Profile.swift; sourceTree = "<group>"; };
		CB05 /* ProfileStore.swift */ = {isa = PBXFileReference; lastKnownFileType = sourcecode.swift; path = ProfileStore.swift; sourceTree = "<group>"; };
		CB06 /* KeyMapping.swift */ = {isa = PBXFileReference; lastKnownFileType = sourcecode.swift; path = KeyMapping.swift; sourceTree = "<group>"; };
		CB07 /* Info.plist */ = {isa = PBXFileReference; lastKnownFileType = text.plist.xml; path = Info.plist; sourceTree = "<group>"; };
		CPROD /* GamepadConfigurator.app */ = {isa = PBXFileReference; explicitFileType = wrapper.application; includeInIndex = 0; path = GamepadConfigurator.app; sourceTree = BUILT_PRODUCTS_DIR; };
/* End PBXFileReference section */

/* Begin PBXFrameworksBuildPhase section */
		CFW01 = { isa = PBXFrameworksBuildPhase; buildActionMask = 2147483647; files = (); runOnlyForDeploymentPostprocessing = 0; };
/* End PBXFrameworksBuildPhase section */

/* Begin PBXGroup section */
		CROOT = { isa = PBXGroup; children = (CGRP1, CGRP2); sourceTree = "<group>"; };
		CGRP1 /* GamepadConfigurator */ = {
			isa = PBXGroup;
			children = (CB01, CB02, CB03, CB04, CB05, CB06, CB07);
			path = GamepadConfigurator;
			sourceTree = "<group>";
		};
		CGRP2 /* Products */ = { isa = PBXGroup; children = (CPROD); name = Products; sourceTree = "<group>"; };
/* End PBXGroup section */

/* Begin PBXNativeTarget section */
		CTGT /* GamepadConfigurator */ = {
			isa = PBXNativeTarget;
			buildConfigurationList = CCFG1;
			buildPhases = (CSRC, CFW01, CRES);
			buildRules = ();
			dependencies = ();
			name = GamepadConfigurator;
			productName = GamepadConfigurator;
			productReference = CPROD;
			productType = "com.apple.product-type.application";
		};
/* End PBXNativeTarget section */

/* Begin PBXProject section */
		CPROJ = {
			isa = PBXProject;
			attributes = { LastSwiftUpdateCheck = 1500; LastUpgradeCheck = 1500; TargetAttributes = { CTGT = { CreatedOnToolsVersion = 15.0; }; }; };
			buildConfigurationList = CCFG0;
			compatibilityVersion = "Xcode 14.0";
			developmentRegion = en;
			hasScannedForEncodings = 0;
			knownRegions = (en, Base);
			mainGroup = CROOT;
			productRefGroup = CGRP2;
			projectDirPath = "";
			projectRoot = "";
			targets = (CTGT);
		};
/* End PBXProject section */

/* Begin PBXResourcesBuildPhase section */
		CRES = { isa = PBXResourcesBuildPhase; buildActionMask = 2147483647; files = (); runOnlyForDeploymentPostprocessing = 0; };
/* End PBXResourcesBuildPhase section */

/* Begin PBXSourcesBuildPhase section */
		CSRC = {
			isa = PBXSourcesBuildPhase;
			buildActionMask = 2147483647;
			files = (CA01, CA02, CA03, CA04, CA05, CA06);
			runOnlyForDeploymentPostprocessing = 0;
		};
/* End PBXSourcesBuildPhase section */

/* Begin XCBuildConfiguration section */
		CDBG0 = { isa = XCBuildConfiguration; buildSettings = { ALWAYS_SEARCH_USER_PATHS = NO; CLANG_ENABLE_MODULES = YES; CLANG_ENABLE_OBJC_ARC = YES; DEBUG_INFORMATION_FORMAT = dwarf; GCC_OPTIMIZATION_LEVEL = 0; MACOSX_DEPLOYMENT_TARGET = 13.0; ONLY_ACTIVE_ARCH = YES; SDKROOT = macosx; SWIFT_ACTIVE_COMPILATION_CONDITIONS = DEBUG; SWIFT_OPTIMIZATION_LEVEL = "-Onone"; }; name = Debug; };
		CREL0 = { isa = XCBuildConfiguration; buildSettings = { ALWAYS_SEARCH_USER_PATHS = NO; CLANG_ENABLE_MODULES = YES; CLANG_ENABLE_OBJC_ARC = YES; DEBUG_INFORMATION_FORMAT = "dwarf-with-dsym"; ENABLE_NS_ASSERTIONS = NO; MACOSX_DEPLOYMENT_TARGET = 13.0; SDKROOT = macosx; SWIFT_COMPILATION_MODE = wholemodule; SWIFT_OPTIMIZATION_LEVEL = "-O"; }; name = Release; };
		CDBG1 = { isa = XCBuildConfiguration; buildSettings = { CODE_SIGN_STYLE = Automatic; COMBINE_HIDPI_IMAGES = YES; CURRENT_PROJECT_VERSION = 1; GENERATE_INFOPLIST_FILE = NO; INFOPLIST_FILE = GamepadConfigurator/Info.plist; LD_RUNPATH_SEARCH_PATHS = ("$(inherited)", "@executable_path/../Frameworks"); MARKETING_VERSION = 1.0; PRODUCT_BUNDLE_IDENTIFIER = "com.yourname.GamepadConfigurator"; PRODUCT_NAME = "$(TARGET_NAME)"; SWIFT_EMIT_LOC_STRINGS = YES; SWIFT_VERSION = 5.0; }; name = Debug; };
		CREL1 = { isa = XCBuildConfiguration; buildSettings = { CODE_SIGN_STYLE = Automatic; COMBINE_HIDPI_IMAGES = YES; CURRENT_PROJECT_VERSION = 1; GENERATE_INFOPLIST_FILE = NO; INFOPLIST_FILE = GamepadConfigurator/Info.plist; LD_RUNPATH_SEARCH_PATHS = ("$(inherited)", "@executable_path/../Frameworks"); MARKETING_VERSION = 1.0; PRODUCT_BUNDLE_IDENTIFIER = "com.yourname.GamepadConfigurator"; PRODUCT_NAME = "$(TARGET_NAME)"; SWIFT_EMIT_LOC_STRINGS = YES; SWIFT_VERSION = 5.0; }; name = Release; };
/* End XCBuildConfiguration section */

/* Begin XCConfigurationList section */
		CCFG0 = { isa = XCConfigurationList; buildConfigurations = (CDBG0, CREL0); defaultConfigurationIsVisible = 0; defaultConfigurationName = Release; };
		CCFG1 = { isa = XCConfigurationList; buildConfigurations = (CDBG1, CREL1); defaultConfigurationIsVisible = 0; defaultConfigurationName = Release; };
/* End XCConfigurationList section */

	};
	rootObject = CPROJ;
}
