// !$*UTF8*$!
{
	archiveVersion = 1;
	classes = {
	};
	objectVersion = 56;
	objects = {

/* Begin PBXBuildFile section */
		102FB38F2F9827A8003D8FDF /* EditorWindowController.swift in Sources */ = {isa = PBXBuildFile; fileRef = 102FB38E2F9827A8003D8FDF /* EditorWindowController.swift */; };
		102FB3912F9827A8003D8FDF /* EditorViewController.swift in Sources */ = {isa = PBXBuildFile; fileRef = 102FB3902F9827A8003D8FDF /* EditorViewController.swift */; };
		108EF0DC2F984329009EFAAA /* KeyRecorderButton.swift in Sources */ = {isa = PBXBuildFile; fileRef = 108EF0DB2F984329009EFAAA /* KeyRecorderButton.swift */; };
		108EF0DE2F9846A8009EFAAA /* ButtonDetailPanel.swift in Sources */ = {isa = PBXBuildFile; fileRef = 108EF0DD2F9846A8009EFAAA /* ButtonDetailPanel.swift */; };
		108EF0E02F984826009EFAAA /* GamepadPreviewView.swift in Sources */ = {isa = PBXBuildFile; fileRef = 108EF0DF2F984826009EFAAA /* GamepadPreviewView.swift */; };
		108EF0E22F9848B2009EFAAA /* ProfileListViewController.swift in Sources */ = {isa = PBXBuildFile; fileRef = 108EF0E12F9848B2009EFAAA /* ProfileListViewController.swift */; };
		108EF0E42F984A0B009EFAAA /* ButtonEditorViewController.swift in Sources */ = {isa = PBXBuildFile; fileRef = 108EF0E32F984A0B009EFAAA /* ButtonEditorViewController.swift */; };
		1092B7AB2FB66E6E00D0F4A9 /* Media.xcassets in Resources */ = {isa = PBXBuildFile; fileRef = 1092B7AA2FB66E6E00D0F4A9 /* Media.xcassets */; };
		10A1B0002F9D000000000001 /* SidebarToggleButton.swift in Sources */ = {isa = PBXBuildFile; fileRef = 10A1B0002F9D000000000000 /* SidebarToggleButton.swift */; };
		10AE615B2FA816700071028C /* ClickPlay.icon in Resources */ = {isa = PBXBuildFile; fileRef = 10AE615A2FA816700071028C /* ClickPlay.icon */; };
		10D000012FA9000000000001 /* DebugLog.swift in Sources */ = {isa = PBXBuildFile; fileRef = 10D000002FA9000000000001 /* DebugLog.swift */; };
		10D100012FC0000000000001 /* DwellActionController.swift in Sources */ = {isa = PBXBuildFile; fileRef = 10D100002FC0000000000001 /* DwellActionController.swift */; };
		10F100012FAF000000000001 /* FirstRunOnboardingView.swift in Sources */ = {isa = PBXBuildFile; fileRef = 10F100002FAF000000000001 /* FirstRunOnboardingView.swift */; };
		10F200012FB9000000000001 /* UpdateChecker.swift in Sources */ = {isa = PBXBuildFile; fileRef = 10F200002FB9000000000001 /* UpdateChecker.swift */; };
		10F200032FB9000000000001 /* UpdateCheckView.swift in Sources */ = {isa = PBXBuildFile; fileRef = 10F200022FB9000000000001 /* UpdateCheckView.swift */; };
		A000 /* main.swift in Sources */ = {isa = PBXBuildFile; fileRef = B000 /* main.swift */; };
		A001 /* AppDelegate.swift in Sources */ = {isa = PBXBuildFile; fileRef = B001 /* AppDelegate.swift */; };
		A002 /* ../ClickPlayShared/KeyMapping.swift in Sources */ = {isa = PBXBuildFile; fileRef = B002 /* ../ClickPlayShared/KeyMapping.swift */; };
		A003 /* KeyInjector.swift in Sources */ = {isa = PBXBuildFile; fileRef = B003 /* KeyInjector.swift */; };
		A004 /* GamepadButtonView.swift in Sources */ = {isa = PBXBuildFile; fileRef = B004 /* GamepadButtonView.swift */; };
		A005 /* GamepadContentView.swift in Sources */ = {isa = PBXBuildFile; fileRef = B005 /* GamepadContentView.swift */; };
		A006 /* GamepadWindow.swift in Sources */ = {isa = PBXBuildFile; fileRef = B006 /* GamepadWindow.swift */; };
		A007 /* ../ClickPlayShared/Profile.swift in Sources */ = {isa = PBXBuildFile; fileRef = B009 /* ../ClickPlayShared/Profile.swift */; };
		A008 /* ../ClickPlayShared/ProfileStore.swift in Sources */ = {isa = PBXBuildFile; fileRef = B010 /* ../ClickPlayShared/ProfileStore.swift */; };
/* End PBXBuildFile section */

/* Begin PBXFileReference section */
		102FB38E2F9827A8003D8FDF /* EditorWindowController.swift */ = {isa = PBXFileReference; lastKnownFileType = sourcecode.swift; path = EditorWindowController.swift; sourceTree = "<group>"; };
		102FB3902F9827A8003D8FDF /* EditorViewController.swift */ = {isa = PBXFileReference; lastKnownFileType = sourcecode.swift; path = EditorViewController.swift; sourceTree = "<group>"; };
		108EF0DB2F984329009EFAAA /* KeyRecorderButton.swift */ = {isa = PBXFileReference; lastKnownFileType = sourcecode.swift; path = KeyRecorderButton.swift; sourceTree = "<group>"; };
		108EF0DD2F9846A8009EFAAA /* ButtonDetailPanel.swift */ = {isa = PBXFileReference; lastKnownFileType = sourcecode.swift; path = ButtonDetailPanel.swift; sourceTree = "<group>"; };
		108EF0DF2F984826009EFAAA /* GamepadPreviewView.swift */ = {isa = PBXFileReference; lastKnownFileType = sourcecode.swift; path = GamepadPreviewView.swift; sourceTree = "<group>"; };
		108EF0E12F9848B2009EFAAA /* ProfileListViewController.swift */ = {isa = PBXFileReference; lastKnownFileType = sourcecode.swift; path = ProfileListViewController.swift; sourceTree = "<group>"; };
		108EF0E32F984A0B009EFAAA /* ButtonEditorViewController.swift */ = {isa = PBXFileReference; lastKnownFileType = sourcecode.swift; path = ButtonEditorViewController.swift; sourceTree = "<group>"; };
		1092B7AA2FB66E6E00D0F4A9 /* Media.xcassets */ = {isa = PBXFileReference; lastKnownFileType = folder.assetcatalog; path = Media.xcassets; sourceTree = "<group>"; };
		10A1B0002F9D000000000000 /* SidebarToggleButton.swift */ = {isa = PBXFileReference; lastKnownFileType = sourcecode.swift; path = SidebarToggleButton.swift; sourceTree = "<group>"; };
		10AE615A2FA816700071028C /* ClickPlay.icon */ = {isa = PBXFileReference; lastKnownFileType = folder.iconcomposer.icon; path = ClickPlay.icon; sourceTree = "<group>"; };
		10D000002FA9000000000001 /* DebugLog.swift */ = {isa = PBXFileReference; lastKnownFileType = sourcecode.swift; path = DebugLog.swift; sourceTree = "<group>"; };
		10D100002FC0000000000001 /* DwellActionController.swift */ = {isa = PBXFileReference; lastKnownFileType = sourcecode.swift; path = DwellActionController.swift; sourceTree = "<group>"; };
		10F100002FAF000000000001 /* FirstRunOnboardingView.swift */ = {isa = PBXFileReference; lastKnownFileType = sourcecode.swift; path = FirstRunOnboardingView.swift; sourceTree = "<group>"; };
		10F200002FB9000000000001 /* UpdateChecker.swift */ = {isa = PBXFileReference; lastKnownFileType = sourcecode.swift; path = UpdateChecker.swift; sourceTree = "<group>"; };
		10F200022FB9000000000001 /* UpdateCheckView.swift */ = {isa = PBXFileReference; lastKnownFileType = sourcecode.swift; path = UpdateCheckView.swift; sourceTree = "<group>"; };
		B000 /* main.swift */ = {isa = PBXFileReference; lastKnownFileType = sourcecode.swift; path = main.swift; sourceTree = "<group>"; };
		B001 /* AppDelegate.swift */ = {isa = PBXFileReference; lastKnownFileType = sourcecode.swift; path = AppDelegate.swift; sourceTree = "<group>"; };
		B002 /* ../ClickPlayShared/KeyMapping.swift */ = {isa = PBXFileReference; lastKnownFileType = sourcecode.swift; path = ../ClickPlayShared/KeyMapping.swift; sourceTree = "<group>"; };
		B003 /* KeyInjector.swift */ = {isa = PBXFileReference; lastKnownFileType = sourcecode.swift; path = KeyInjector.swift; sourceTree = "<group>"; };
		B004 /* GamepadButtonView.swift */ = {isa = PBXFileReference; lastKnownFileType = sourcecode.swift; path = GamepadButtonView.swift; sourceTree = "<group>"; };
		B005 /* GamepadContentView.swift */ = {isa = PBXFileReference; lastKnownFileType = sourcecode.swift; path = GamepadContentView.swift; sourceTree = "<group>"; };
		B006 /* GamepadWindow.swift */ = {isa = PBXFileReference; lastKnownFileType = sourcecode.swift; path = GamepadWindow.swift; sourceTree = "<group>"; };
		B007 /* Info.plist */ = {isa = PBXFileReference; lastKnownFileType = text.plist.xml; path = Info.plist; sourceTree = "<group>"; };
		B008 /* ClickPlay.entitlements */ = {isa = PBXFileReference; lastKnownFileType = text.plist.entitlements; path = ClickPlay.entitlements; sourceTree = "<group>"; };
		B009 /* ../ClickPlayShared/Profile.swift */ = {isa = PBXFileReference; lastKnownFileType = sourcecode.swift; path = ../ClickPlayShared/Profile.swift; sourceTree = "<group>"; };
		B010 /* ../ClickPlayShared/ProfileStore.swift */ = {isa = PBXFileReference; lastKnownFileType = sourcecode.swift; path = ../ClickPlayShared/ProfileStore.swift; sourceTree = "<group>"; };
		PROD /* Click Play.app */ = {isa = PBXFileReference; explicitFileType = wrapper.application; includeInIndex = 0; path = "Click Play.app"; sourceTree = BUILT_PRODUCTS_DIR; };
/* End PBXFileReference section */

/* Begin PBXFrameworksBuildPhase section */
		FW01 /* Frameworks */ = {
			isa = PBXFrameworksBuildPhase;
			buildActionMask = 2147483647;
			files = (
			);
			runOnlyForDeploymentPostprocessing = 0;
		};
/* End PBXFrameworksBuildPhase section */

/* Begin PBXGroup section */
		GRP1 /* ClickPlay */ = {
			isa = PBXGroup;
			children = (
				B000 /* main.swift */,
				B001 /* AppDelegate.swift */,
				10F100002FAF000000000001 /* FirstRunOnboardingView.swift */,
				10F200002FB9000000000001 /* UpdateChecker.swift */,
				10F200022FB9000000000001 /* UpdateCheckView.swift */,
				B002 /* ../ClickPlayShared/KeyMapping.swift */,
				B003 /* KeyInjector.swift */,
				B004 /* GamepadButtonView.swift */,
				B005 /* GamepadContentView.swift */,
				B006 /* GamepadWindow.swift */,
				10D000002FA9000000000001 /* DebugLog.swift */,
				10D100002FC0000000000001 /* DwellActionController.swift */,
				B009 /* ../ClickPlayShared/Profile.swift */,
				B010 /* ../ClickPlayShared/ProfileStore.swift */,
				B007 /* Info.plist */,
				B008 /* ClickPlay.entitlements */,
				102FB38E2F9827A8003D8FDF /* EditorWindowController.swift */,
				102FB3902F9827A8003D8FDF /* EditorViewController.swift */,
				108EF0DB2F984329009EFAAA /* KeyRecorderButton.swift */,
				108EF0DD2F9846A8009EFAAA /* ButtonDetailPanel.swift */,
				108EF0DF2F984826009EFAAA /* GamepadPreviewView.swift */,
				108EF0E12F9848B2009EFAAA /* ProfileListViewController.swift */,
				108EF0E32F984A0B009EFAAA /* ButtonEditorViewController.swift */,
				10A1B0002F9D000000000000 /* SidebarToggleButton.swift */,
				10AE615A2FA816700071028C /* ClickPlay.icon */,
			);
			path = ClickPlay;
			sourceTree = "<group>";
		};
		GRP2 /* Products */ = {
			isa = PBXGroup;
			children = (
				PROD /* Click Play.app */,
			);
			name = Products;
			sourceTree = "<group>";
		};
		ROOT = {
			isa = PBXGroup;
			children = (
				1092B7AA2FB66E6E00D0F4A9 /* Media.xcassets */,
				GRP1 /* ClickPlay */,
				GRP2 /* Products */,
			);
			sourceTree = "<group>";
		};
/* End PBXGroup section */

/* Begin PBXNativeTarget section */
		TGT1 /* Click Play */ = {
			isa = PBXNativeTarget;
			buildConfigurationList = CFG1 /* Build configuration list for PBXNativeTarget "Click Play" */;
			buildPhases = (
				SRC1 /* Sources */,
				FW01 /* Frameworks */,
				RES1 /* Resources */,
			);
			buildRules = (
			);
			dependencies = (
			);
			name = "Click Play";
			productName = "Click Play";
			productReference = PROD /* Click Play.app */;
			productType = "com.apple.product-type.application";
		};
/* End PBXNativeTarget section */

/* Begin PBXProject section */
		PROJ /* Project object */ = {
			isa = PBXProject;
			attributes = {
				BuildIndependentTargetsInParallel = 1;
				LastSwiftUpdateCheck = 1500;
				LastUpgradeCheck = 2650;
				TargetAttributes = {
					TGT1 = {
						CreatedOnToolsVersion = 15.0;
					};
				};
			};
			buildConfigurationList = CFG0 /* Build configuration list for PBXProject "Click Play" */;
			compatibilityVersion = "Xcode 14.0";
			developmentRegion = en;
			hasScannedForEncodings = 0;
			knownRegions = (
				en,
				Base,
			);
			mainGroup = ROOT;
			productRefGroup = GRP2 /* Products */;
			projectDirPath = "";
			projectRoot = "";
			targets = (
				TGT1 /* Click Play */,
			);
		};
/* End PBXProject section */

/* Begin PBXResourcesBuildPhase section */
		RES1 /* Resources */ = {
			isa = PBXResourcesBuildPhase;
			buildActionMask = 2147483647;
			files = (
				10AE615B2FA816700071028C /* ClickPlay.icon in Resources */,
				1092B7AB2FB66E6E00D0F4A9 /* Media.xcassets in Resources */,
			);
			runOnlyForDeploymentPostprocessing = 0;
		};
/* End PBXResourcesBuildPhase section */

/* Begin PBXSourcesBuildPhase section */
		SRC1 /* Sources */ = {
			isa = PBXSourcesBuildPhase;
			buildActionMask = 2147483647;
			files = (
				102FB38F2F9827A8003D8FDF /* EditorWindowController.swift in Sources */,
				108EF0E02F984826009EFAAA /* GamepadPreviewView.swift in Sources */,
				A000 /* main.swift in Sources */,
				108EF0DE2F9846A8009EFAAA /* ButtonDetailPanel.swift in Sources */,
				108EF0E22F9848B2009EFAAA /* ProfileListViewController.swift in Sources */,
				A001 /* AppDelegate.swift in Sources */,
				10F100012FAF000000000001 /* FirstRunOnboardingView.swift in Sources */,
				10F200012FB9000000000001 /* UpdateChecker.swift in Sources */,
				10F200032FB9000000000001 /* UpdateCheckView.swift in Sources */,
				A002 /* ../ClickPlayShared/KeyMapping.swift in Sources */,
				A003 /* KeyInjector.swift in Sources */,
				10D000012FA9000000000001 /* DebugLog.swift in Sources */,
				10D100012FC0000000000001 /* DwellActionController.swift in Sources */,
				108EF0DC2F984329009EFAAA /* KeyRecorderButton.swift in Sources */,
				A004 /* GamepadButtonView.swift in Sources */,
				108EF0E42F984A0B009EFAAA /* ButtonEditorViewController.swift in Sources */,
				10A1B0002F9D000000000001 /* SidebarToggleButton.swift in Sources */,
				A005 /* GamepadContentView.swift in Sources */,
				A006 /* GamepadWindow.swift in Sources */,
				A007 /* ../ClickPlayShared/Profile.swift in Sources */,
				A008 /* ../ClickPlayShared/ProfileStore.swift in Sources */,
				102FB3912F9827A8003D8FDF /* EditorViewController.swift in Sources */,
			);
			runOnlyForDeploymentPostprocessing = 0;
		};
/* End PBXSourcesBuildPhase section */

/* Begin XCBuildConfiguration section */
		DBG0 /* Debug */ = {
			isa = XCBuildConfiguration;
			buildSettings = {
				ALWAYS_SEARCH_USER_PATHS = NO;
				CLANG_ANALYZER_NONNULL = YES;
				CLANG_ANALYZER_NUMBER_OBJECT_CONVERSION = YES_AGGRESSIVE;
				CLANG_CXX_LANGUAGE_STANDARD = "gnu++20";
				CLANG_ENABLE_MODULES = YES;
				CLANG_ENABLE_OBJC_ARC = YES;
				CLANG_ENABLE_OBJC_WEAK = YES;
				CLANG_WARN_BLOCK_CAPTURE_AUTORELEASING = YES;
				CLANG_WARN_BOOL_CONVERSION = YES;
				CLANG_WARN_COMMA = YES;
				CLANG_WARN_CONSTANT_CONVERSION = YES;
				CLANG_WARN_DEPRECATED_OBJC_IMPLEMENTATIONS = YES;
				CLANG_WARN_EMPTY_BODY = YES;
				CLANG_WARN_ENUM_CONVERSION = YES;
				CLANG_WARN_INFINITE_RECURSION = YES;
				CLANG_WARN_INT_CONVERSION = YES;
				CLANG_WARN_NON_LITERAL_NULL_CONVERSION = YES;
				CLANG_WARN_OBJC_IMPLICIT_RETAIN_SELF = YES;
				CLANG_WARN_OBJC_LITERAL_CONVERSION = YES;
				CLANG_WARN_QUOTED_INCLUDE_IN_FRAMEWORK_HEADER = YES;
				CLANG_WARN_RANGE_LOOP_ANALYSIS = YES;
				CLANG_WARN_STRICT_PROTOTYPES = YES;
				CLANG_WARN_SUSPICIOUS_MOVE = YES;
				CLANG_WARN_UNREACHABLE_CODE = YES;
				CLANG_WARN__DUPLICATE_METHOD_MATCH = YES;
				COPY_PHASE_STRIP = NO;
				DEAD_CODE_STRIPPING = YES;
				DEBUG_INFORMATION_FORMAT = dwarf;
				ENABLE_STRICT_OBJC_MSGSEND = YES;
				ENABLE_TESTABILITY = YES;
				ENABLE_USER_SCRIPT_SANDBOXING = YES;
				GCC_C_LANGUAGE_STANDARD = gnu17;
				GCC_DYNAMIC_NO_PIC = NO;
				GCC_NO_COMMON_BLOCKS = YES;
				GCC_OPTIMIZATION_LEVEL = 0;
				GCC_PREPROCESSOR_DEFINITIONS = (
					"DEBUG=1",
					"$(inherited)",
				);
				GCC_WARN_64_TO_32_BIT_CONVERSION = YES;
				GCC_WARN_ABOUT_RETURN_TYPE = YES;
				GCC_WARN_UNDECLARED_SELECTOR = YES;
				GCC_WARN_UNINITIALIZED_AUTOS = YES;
				GCC_WARN_UNUSED_FUNCTION = YES;
				GCC_WARN_UNUSED_VARIABLE = YES;
				MACOSX_DEPLOYMENT_TARGET = 13.0;
				MTL_ENABLE_DEBUG_INFO = INCLUDE_SOURCE;
				MTL_FAST_MATH = YES;
				ONLY_ACTIVE_ARCH = YES;
				SDKROOT = macosx;
				STRING_CATALOG_GENERATE_SYMBOLS = YES;
				SWIFT_ACTIVE_COMPILATION_CONDITIONS = DEBUG;
				SWIFT_OPTIMIZATION_LEVEL = "-Onone";
			};
			name = Debug;
		};
		DBG1 /* Debug */ = {
			isa = XCBuildConfiguration;
			buildSettings = {
				ASSETCATALOG_COMPILER_APPICON_NAME = ClickPlay;
				ASSETCATALOG_COMPILER_INCLUDE_ALL_APPICON_ASSETS = NO;
				AUTOMATION_APPLE_EVENTS = NO;
				CODE_SIGN_ENTITLEMENTS = ClickPlay/ClickPlay.entitlements;
				"CODE_SIGN_IDENTITY[sdk=macosx*]" = "Apple Development";
				CODE_SIGN_STYLE = Manual;
				COMBINE_HIDPI_IMAGES = YES;
				CURRENT_PROJECT_VERSION = 1;
				DEAD_CODE_STRIPPING = YES;
				DEVELOPMENT_TEAM = "";
				"DEVELOPMENT_TEAM[sdk=macosx*]" = 29P5MA925S;
				ENABLE_HARDENED_RUNTIME = YES;
				ENABLE_RESOURCE_ACCESS_AUDIO_INPUT = NO;
				ENABLE_RESOURCE_ACCESS_CALENDARS = NO;
				ENABLE_RESOURCE_ACCESS_CAMERA = NO;
				ENABLE_RESOURCE_ACCESS_CONTACTS = NO;
				ENABLE_RESOURCE_ACCESS_LOCATION = NO;
				ENABLE_RESOURCE_ACCESS_PHOTO_LIBRARY = NO;
				GENERATE_INFOPLIST_FILE = NO;
				INFOPLIST_FILE = ClickPlay/Info.plist;
				INFOPLIST_KEY_LSApplicationCategoryType = "public.app-category.utilities";
				LD_RUNPATH_SEARCH_PATHS = (
					"$(inherited)",
					"@executable_path/../Frameworks",
				);
				MARKETING_VERSION = 1.4.0;
				PRODUCT_BUNDLE_IDENTIFIER = com.TheOPBunny.ClickPlay;
				PRODUCT_NAME = "$(TARGET_NAME)";
				PROVISIONING_PROFILE_SPECIFIER = "";
				"PROVISIONING_PROFILE_SPECIFIER[sdk=macosx*]" = "";
				RUNTIME_EXCEPTION_ALLOW_DYLD_ENVIRONMENT_VARIABLES = NO;
				RUNTIME_EXCEPTION_ALLOW_JIT = NO;
				RUNTIME_EXCEPTION_ALLOW_UNSIGNED_EXECUTABLE_MEMORY = NO;
				RUNTIME_EXCEPTION_DEBUGGING_TOOL = NO;
				RUNTIME_EXCEPTION_DISABLE_EXECUTABLE_PAGE_PROTECTION = NO;
				RUNTIME_EXCEPTION_DISABLE_LIBRARY_VALIDATION = NO;
				SWIFT_EMIT_LOC_STRINGS = YES;
				SWIFT_VERSION = 5.0;
			};
			name = Debug;
		};
		REL0 /* Release */ = {
			isa = XCBuildConfiguration;
			buildSettings = {
				ALWAYS_SEARCH_USER_PATHS = NO;
				CLANG_ANALYZER_NONNULL = YES;
				CLANG_CXX_LANGUAGE_STANDARD = "gnu++20";
				CLANG_ENABLE_MODULES = YES;
				CLANG_ENABLE_OBJC_ARC = YES;
				CLANG_ENABLE_OBJC_WEAK = YES;
				CLANG_WARN_BLOCK_CAPTURE_AUTORELEASING = YES;
				CLANG_WARN_BOOL_CONVERSION = YES;
				CLANG_WARN_COMMA = YES;
				CLANG_WARN_CONSTANT_CONVERSION = YES;
				CLANG_WARN_DEPRECATED_OBJC_IMPLEMENTATIONS = YES;
				CLANG_WARN_EMPTY_BODY = YES;
				CLANG_WARN_ENUM_CONVERSION = YES;
				CLANG_WARN_INFINITE_RECURSION = YES;
				CLANG_WARN_INT_CONVERSION = YES;
				CLANG_WARN_NON_LITERAL_NULL_CONVERSION = YES;
				CLANG_WARN_OBJC_IMPLICIT_RETAIN_SELF = YES;
				CLANG_WARN_OBJC_LITERAL_CONVERSION = YES;
				CLANG_WARN_QUOTED_INCLUDE_IN_FRAMEWORK_HEADER = YES;
				CLANG_WARN_RANGE_LOOP_ANALYSIS = YES;
				CLANG_WARN_STRICT_PROTOTYPES = YES;
				CLANG_WARN_SUSPICIOUS_MOVE = YES;
				CLANG_WARN_UNREACHABLE_CODE = YES;
				CLANG_WARN__DUPLICATE_METHOD_MATCH = YES;
				COPY_PHASE_STRIP = NO;
				DEAD_CODE_STRIPPING = YES;
				DEBUG_INFORMATION_FORMAT = "dwarf-with-dsym";
				ENABLE_NS_ASSERTIONS = NO;
				ENABLE_STRICT_OBJC_MSGSEND = YES;
				ENABLE_USER_SCRIPT_SANDBOXING = YES;
				GCC_C_LANGUAGE_STANDARD = gnu17;
				GCC_NO_COMMON_BLOCKS = YES;
				GCC_WARN_64_TO_32_BIT_CONVERSION = YES;
				GCC_WARN_ABOUT_RETURN_TYPE = YES;
				GCC_WARN_UNDECLARED_SELECTOR = YES;
				GCC_WARN_UNINITIALIZED_AUTOS = YES;
				GCC_WARN_UNUSED_FUNCTION = YES;
				GCC_WARN_UNUSED_VARIABLE = YES;
				MACOSX_DEPLOYMENT_TARGET = 13.0;
				MTL_FAST_MATH = YES;
				SDKROOT = macosx;
				STRING_CATALOG_GENERATE_SYMBOLS = YES;
				SWIFT_COMPILATION_MODE = wholemodule;
				SWIFT_OPTIMIZATION_LEVEL = "-O";
			};
			name = Release;
		};
		REL1 /* Release */ = {
			isa = XCBuildConfiguration;
			buildSettings = {
				ASSETCATALOG_COMPILER_APPICON_NAME = ClickPlay;
				ASSETCATALOG_COMPILER_INCLUDE_ALL_APPICON_ASSETS = NO;
				AUTOMATION_APPLE_EVENTS = NO;
				CODE_SIGN_ENTITLEMENTS = ClickPlay/ClickPlay.entitlements;
				"CODE_SIGN_IDENTITY[sdk=macosx*]" = "Apple Development";
				CODE_SIGN_STYLE = Manual;
				COMBINE_HIDPI_IMAGES = YES;
				CURRENT_PROJECT_VERSION = 1;
				DEAD_CODE_STRIPPING = YES;
				DEVELOPMENT_TEAM = "";
				"DEVELOPMENT_TEAM[sdk=macosx*]" = 29P5MA925S;
				ENABLE_HARDENED_RUNTIME = YES;
				ENABLE_RESOURCE_ACCESS_AUDIO_INPUT = NO;
				ENABLE_RESOURCE_ACCESS_CALENDARS = NO;
				ENABLE_RESOURCE_ACCESS_CAMERA = NO;
				ENABLE_RESOURCE_ACCESS_CONTACTS = NO;
				ENABLE_RESOURCE_ACCESS_LOCATION = NO;
				ENABLE_RESOURCE_ACCESS_PHOTO_LIBRARY = NO;
				GENERATE_INFOPLIST_FILE = NO;
				INFOPLIST_FILE = ClickPlay/Info.plist;
				INFOPLIST_KEY_LSApplicationCategoryType = "public.app-category.utilities";
				LD_RUNPATH_SEARCH_PATHS = (
					"$(inherited)",
					"@executable_path/../Frameworks",
				);
				MARKETING_VERSION = 1.4.0;
				PRODUCT_BUNDLE_IDENTIFIER = com.TheOPBunny.ClickPlay;
				PRODUCT_NAME = "$(TARGET_NAME)";
				PROVISIONING_PROFILE_SPECIFIER = "";
				"PROVISIONING_PROFILE_SPECIFIER[sdk=macosx*]" = "";
				RUNTIME_EXCEPTION_ALLOW_DYLD_ENVIRONMENT_VARIABLES = NO;
				RUNTIME_EXCEPTION_ALLOW_JIT = NO;
				RUNTIME_EXCEPTION_ALLOW_UNSIGNED_EXECUTABLE_MEMORY = NO;
				RUNTIME_EXCEPTION_DEBUGGING_TOOL = NO;
				RUNTIME_EXCEPTION_DISABLE_EXECUTABLE_PAGE_PROTECTION = NO;
				RUNTIME_EXCEPTION_DISABLE_LIBRARY_VALIDATION = NO;
				SWIFT_EMIT_LOC_STRINGS = YES;
				SWIFT_VERSION = 5.0;
			};
			name = Release;
		};
/* End XCBuildConfiguration section */

/* Begin XCConfigurationList section */
		CFG0 /* Build configuration list for PBXProject "Click Play" */ = {
			isa = XCConfigurationList;
			buildConfigurations = (
				DBG0 /* Debug */,
				REL0 /* Release */,
			);
			defaultConfigurationIsVisible = 0;
			defaultConfigurationName = Release;
		};
		CFG1 /* Build configuration list for PBXNativeTarget "Click Play" */ = {
			isa = XCConfigurationList;
			buildConfigurations = (
				DBG1 /* Debug */,
				REL1 /* Release */,
			);
			defaultConfigurationIsVisible = 0;
			defaultConfigurationName = Release;
		};
/* End XCConfigurationList section */
	};
	rootObject = PROJ /* Project object */;
}
