// !$*UTF8*$!
{
	archiveVersion = 1;
	classes = {
	};
	objectVersion = 56;
	objects = {

/* Begin PBXBuildFile section */
		102FB38F2F9827A8003D8FDF /* ConfiguratorWindowController.swift in Sources */ = {isa = PBXBuildFile; fileRef = 102FB38E2F9827A8003D8FDF /* ConfiguratorWindowController.swift */; };
		102FB3912F9827A8003D8FDF /* ConfiguratorEditorViewController.swift in Sources */ = {isa = PBXBuildFile; fileRef = 102FB3902F9827A8003D8FDF /* ConfiguratorEditorViewController.swift */; };
		108EF0DC2F984329009EFAAA /* KeyRecorderButton.swift in Sources */ = {isa = PBXBuildFile; fileRef = 108EF0DB2F984329009EFAAA /* KeyRecorderButton.swift */; };
		108EF0DE2F9846A8009EFAAA /* ButtonDetailPanel.swift in Sources */ = {isa = PBXBuildFile; fileRef = 108EF0DD2F9846A8009EFAAA /* ButtonDetailPanel.swift */; };
		108EF0E02F984826009EFAAA /* GamepadPreviewView.swift in Sources */ = {isa = PBXBuildFile; fileRef = 108EF0DF2F984826009EFAAA /* GamepadPreviewView.swift */; };
		108EF0E22F9848B2009EFAAA /* ProfileListViewController.swift in Sources */ = {isa = PBXBuildFile; fileRef = 108EF0E12F9848B2009EFAAA /* ProfileListViewController.swift */; };
		108EF0E42F984A0B009EFAAA /* ButtonEditorViewController.swift in Sources */ = {isa = PBXBuildFile; fileRef = 108EF0E32F984A0B009EFAAA /* ButtonEditorViewController.swift */; };
		10A1B0002F9D000000000001 /* SidebarToggleButton.swift in Sources */ = {isa = PBXBuildFile; fileRef = 10A1B0002F9D000000000000 /* SidebarToggleButton.swift */; };
		A000 /* main.swift in Sources */ = {isa = PBXBuildFile; fileRef = B000 /* main.swift */; };
		A001 /* AppDelegate.swift in Sources */ = {isa = PBXBuildFile; fileRef = B001 /* AppDelegate.swift */; };
		A002 /* ../GamepadShared/KeyMapping.swift in Sources */ = {isa = PBXBuildFile; fileRef = B002 /* ../GamepadShared/KeyMapping.swift */; };
		A003 /* KeyInjector.swift in Sources */ = {isa = PBXBuildFile; fileRef = B003 /* KeyInjector.swift */; };
		A004 /* GamepadButtonView.swift in Sources */ = {isa = PBXBuildFile; fileRef = B004 /* GamepadButtonView.swift */; };
		A005 /* GamepadContentView.swift in Sources */ = {isa = PBXBuildFile; fileRef = B005 /* GamepadContentView.swift */; };
		A006 /* GamepadWindow.swift in Sources */ = {isa = PBXBuildFile; fileRef = B006 /* GamepadWindow.swift */; };
		A007 /* ../GamepadShared/Profile.swift in Sources */ = {isa = PBXBuildFile; fileRef = B009 /* ../GamepadShared/Profile.swift */; };
		A008 /* ../GamepadShared/ProfileStore.swift in Sources */ = {isa = PBXBuildFile; fileRef = B010 /* ../GamepadShared/ProfileStore.swift */; };
/* End PBXBuildFile section */

/* Begin PBXFileReference section */
		102FB38E2F9827A8003D8FDF /* ConfiguratorWindowController.swift */ = {isa = PBXFileReference; lastKnownFileType = sourcecode.swift; path = ConfiguratorWindowController.swift; sourceTree = "<group>"; };
		102FB3902F9827A8003D8FDF /* ConfiguratorEditorViewController.swift */ = {isa = PBXFileReference; lastKnownFileType = sourcecode.swift; path = ConfiguratorEditorViewController.swift; sourceTree = "<group>"; };
		108EF0DB2F984329009EFAAA /* KeyRecorderButton.swift */ = {isa = PBXFileReference; lastKnownFileType = sourcecode.swift; path = KeyRecorderButton.swift; sourceTree = "<group>"; };
		108EF0DD2F9846A8009EFAAA /* ButtonDetailPanel.swift */ = {isa = PBXFileReference; lastKnownFileType = sourcecode.swift; path = ButtonDetailPanel.swift; sourceTree = "<group>"; };
		108EF0DF2F984826009EFAAA /* GamepadPreviewView.swift */ = {isa = PBXFileReference; lastKnownFileType = sourcecode.swift; path = GamepadPreviewView.swift; sourceTree = "<group>"; };
		108EF0E12F9848B2009EFAAA /* ProfileListViewController.swift */ = {isa = PBXFileReference; lastKnownFileType = sourcecode.swift; path = ProfileListViewController.swift; sourceTree = "<group>"; };
		108EF0E32F984A0B009EFAAA /* ButtonEditorViewController.swift */ = {isa = PBXFileReference; lastKnownFileType = sourcecode.swift; path = ButtonEditorViewController.swift; sourceTree = "<group>"; };
		10A1B0002F9D000000000000 /* SidebarToggleButton.swift */ = {isa = PBXFileReference; lastKnownFileType = sourcecode.swift; path = SidebarToggleButton.swift; sourceTree = "<group>"; };
		B000 /* main.swift */ = {isa = PBXFileReference; lastKnownFileType = sourcecode.swift; path = main.swift; sourceTree = "<group>"; };
		B001 /* AppDelegate.swift */ = {isa = PBXFileReference; lastKnownFileType = sourcecode.swift; path = AppDelegate.swift; sourceTree = "<group>"; };
		B002 /* ../GamepadShared/KeyMapping.swift */ = {isa = PBXFileReference; lastKnownFileType = sourcecode.swift; path = ../GamepadShared/KeyMapping.swift; sourceTree = "<group>"; };
		B003 /* KeyInjector.swift */ = {isa = PBXFileReference; lastKnownFileType = sourcecode.swift; path = KeyInjector.swift; sourceTree = "<group>"; };
		B004 /* GamepadButtonView.swift */ = {isa = PBXFileReference; lastKnownFileType = sourcecode.swift; path = GamepadButtonView.swift; sourceTree = "<group>"; };
		B005 /* GamepadContentView.swift */ = {isa = PBXFileReference; lastKnownFileType = sourcecode.swift; path = GamepadContentView.swift; sourceTree = "<group>"; };
		B006 /* GamepadWindow.swift */ = {isa = PBXFileReference; lastKnownFileType = sourcecode.swift; path = GamepadWindow.swift; sourceTree = "<group>"; };
		B007 /* Info.plist */ = {isa = PBXFileReference; lastKnownFileType = text.plist.xml; path = Info.plist; sourceTree = "<group>"; };
		B008 /* OnScreenGamepad.entitlements */ = {isa = PBXFileReference; lastKnownFileType = text.plist.entitlements; path = OnScreenGamepad.entitlements; sourceTree = "<group>"; };
		B009 /* ../GamepadShared/Profile.swift */ = {isa = PBXFileReference; lastKnownFileType = sourcecode.swift; path = ../GamepadShared/Profile.swift; sourceTree = "<group>"; };
		B010 /* ../GamepadShared/ProfileStore.swift */ = {isa = PBXFileReference; lastKnownFileType = sourcecode.swift; path = ../GamepadShared/ProfileStore.swift; sourceTree = "<group>"; };
		PROD /* OnScreenGamepad.app */ = {isa = PBXFileReference; explicitFileType = wrapper.application; includeInIndex = 0; path = OnScreenGamepad.app; sourceTree = BUILT_PRODUCTS_DIR; };
/* End PBXFileReference section */

/* Begin PBXFrameworksBuildPhase section */
		FW01 /* Frameworks */ = {
			isa = PBXFrameworksBuildPhase;
			buildActionMask = 2147483647;
			files = (
			);
			runOnlyForDeploymentPostprocessing = 0;
		};
/* End PBXFrameworksBuildPhase section */

/* Begin PBXGroup section */
		GRP1 /* OnScreenGamepad */ = {
			isa = PBXGroup;
			children = (
				B000 /* main.swift */,
				B001 /* AppDelegate.swift */,
				B002 /* ../GamepadShared/KeyMapping.swift */,
				B003 /* KeyInjector.swift */,
				B004 /* GamepadButtonView.swift */,
				B005 /* GamepadContentView.swift */,
				B006 /* GamepadWindow.swift */,
				B009 /* ../GamepadShared/Profile.swift */,
				B010 /* ../GamepadShared/ProfileStore.swift */,
				B007 /* Info.plist */,
				B008 /* OnScreenGamepad.entitlements */,
				102FB38E2F9827A8003D8FDF /* ConfiguratorWindowController.swift */,
				102FB3902F9827A8003D8FDF /* ConfiguratorEditorViewController.swift */,
				108EF0DB2F984329009EFAAA /* KeyRecorderButton.swift */,
				108EF0DD2F9846A8009EFAAA /* ButtonDetailPanel.swift */,
				108EF0DF2F984826009EFAAA /* GamepadPreviewView.swift */,
				108EF0E12F9848B2009EFAAA /* ProfileListViewController.swift */,
				108EF0E32F984A0B009EFAAA /* ButtonEditorViewController.swift */,
				10A1B0002F9D000000000000 /* SidebarToggleButton.swift */,
			);
			path = OnScreenGamepad;
			sourceTree = "<group>";
		};
		GRP2 /* Products */ = {
			isa = PBXGroup;
			children = (
				PROD /* OnScreenGamepad.app */,
			);
			name = Products;
			sourceTree = "<group>";
		};
		ROOT = {
			isa = PBXGroup;
			children = (
				GRP1 /* OnScreenGamepad */,
				GRP2 /* Products */,
			);
			sourceTree = "<group>";
		};
/* End PBXGroup section */

/* Begin PBXNativeTarget section */
		TGT1 /* OnScreenGamepad */ = {
			isa = PBXNativeTarget;
			buildConfigurationList = CFG1 /* Build configuration list for PBXNativeTarget "OnScreenGamepad" */;
			buildPhases = (
				SRC1 /* Sources */,
				FW01 /* Frameworks */,
				RES1 /* Resources */,
			);
			buildRules = (
			);
			dependencies = (
			);
			name = OnScreenGamepad;
			productName = OnScreenGamepad;
			productReference = PROD /* OnScreenGamepad.app */;
			productType = "com.apple.product-type.application";
		};
/* End PBXNativeTarget section */

/* Begin PBXProject section */
		PROJ /* Project object */ = {
			isa = PBXProject;
			attributes = {
				BuildIndependentTargetsInParallel = 1;
				LastSwiftUpdateCheck = 1500;
				LastUpgradeCheck = 1500;
				TargetAttributes = {
					TGT1 = {
						CreatedOnToolsVersion = 15.0;
					};
				};
			};
			buildConfigurationList = CFG0 /* Build configuration list for PBXProject "OnScreenGamepad" */;
			compatibilityVersion = "Xcode 14.0";
			developmentRegion = en;
			hasScannedForEncodings = 0;
			knownRegions = (
				en,
				Base,
			);
			mainGroup = ROOT;
			productRefGroup = GRP2 /* Products */;
			projectDirPath = "";
			projectRoot = "";
			targets = (
				TGT1 /* OnScreenGamepad */,
			);
		};
/* End PBXProject section */

/* Begin PBXResourcesBuildPhase section */
		RES1 /* Resources */ = {
			isa = PBXResourcesBuildPhase;
			buildActionMask = 2147483647;
			files = (
			);
			runOnlyForDeploymentPostprocessing = 0;
		};
/* End PBXResourcesBuildPhase section */

/* Begin PBXSourcesBuildPhase section */
		SRC1 /* Sources */ = {
			isa = PBXSourcesBuildPhase;
			buildActionMask = 2147483647;
			files = (
				102FB38F2F9827A8003D8FDF /* ConfiguratorWindowController.swift in Sources */,
				108EF0E02F984826009EFAAA /* GamepadPreviewView.swift in Sources */,
				A000 /* main.swift in Sources */,
				108EF0DE2F9846A8009EFAAA /* ButtonDetailPanel.swift in Sources */,
				108EF0E22F9848B2009EFAAA /* ProfileListViewController.swift in Sources */,
				A001 /* AppDelegate.swift in Sources */,
				A002 /* ../GamepadShared/KeyMapping.swift in Sources */,
				A003 /* KeyInjector.swift in Sources */,
				108EF0DC2F984329009EFAAA /* KeyRecorderButton.swift in Sources */,
				A004 /* GamepadButtonView.swift in Sources */,
				108EF0E42F984A0B009EFAAA /* ButtonEditorViewController.swift in Sources */,
				10A1B0002F9D000000000001 /* SidebarToggleButton.swift in Sources */,
				A005 /* GamepadContentView.swift in Sources */,
				A006 /* GamepadWindow.swift in Sources */,
				A007 /* ../GamepadShared/Profile.swift in Sources */,
				A008 /* ../GamepadShared/ProfileStore.swift in Sources */,
				102FB3912F9827A8003D8FDF /* ConfiguratorEditorViewController.swift in Sources */,
			);
			runOnlyForDeploymentPostprocessing = 0;
		};
/* End PBXSourcesBuildPhase section */

/* Begin XCBuildConfiguration section */
		DBG0 /* Debug */ = {
			isa = XCBuildConfiguration;
			buildSettings = {
				ALWAYS_SEARCH_USER_PATHS = NO;
				CLANG_ANALYZER_NONNULL = YES;
				CLANG_ANALYZER_NUMBER_OBJECT_CONVERSION = YES_AGGRESSIVE;
				CLANG_CXX_LANGUAGE_STANDARD = "gnu++20";
				CLANG_ENABLE_MODULES = YES;
				CLANG_ENABLE_OBJC_ARC = YES;
				CLANG_ENABLE_OBJC_WEAK = YES;
				COPY_PHASE_STRIP = NO;
				DEBUG_INFORMATION_FORMAT = dwarf;
				ENABLE_STRICT_OBJC_MSGSEND = YES;
				ENABLE_TESTABILITY = YES;
				GCC_C_LANGUAGE_STANDARD = gnu17;
				GCC_DYNAMIC_NO_PIC = NO;
				GCC_NO_COMMON_BLOCKS = YES;
				GCC_OPTIMIZATION_LEVEL = 0;
				GCC_PREPROCESSOR_DEFINITIONS = (
					"DEBUG=1",
					"$(inherited)",
				);
				MACOSX_DEPLOYMENT_TARGET = 13.0;
				MTL_ENABLE_DEBUG_INFO = INCLUDE_SOURCE;
				MTL_FAST_MATH = YES;
				ONLY_ACTIVE_ARCH = YES;
				SDKROOT = macosx;
				SWIFT_ACTIVE_COMPILATION_CONDITIONS = DEBUG;
				SWIFT_OPTIMIZATION_LEVEL = "-Onone";
			};
			name = Debug;
		};
		DBG1 /* Debug */ = {
			isa = XCBuildConfiguration;
			buildSettings = {
				ASSETCATALOG_COMPILER_APPICON_NAME = AppIcon;
				CODE_SIGN_ENTITLEMENTS = OnScreenGamepad/OnScreenGamepad.entitlements;
				"CODE_SIGN_IDENTITY[sdk=macosx*]" = "Apple Development";
				CODE_SIGN_STYLE = Manual;
				COMBINE_HIDPI_IMAGES = YES;
				CURRENT_PROJECT_VERSION = 1;
				DEVELOPMENT_TEAM = "";
				"DEVELOPMENT_TEAM[sdk=macosx*]" = 29P5MA925S;
				GENERATE_INFOPLIST_FILE = NO;
				INFOPLIST_FILE = OnScreenGamepad/Info.plist;
				INFOPLIST_KEY_LSApplicationCategoryType = "public.app-category.utilities";
				LD_RUNPATH_SEARCH_PATHS = (
					"$(inherited)",
					"@executable_path/../Frameworks",
				);
				MARKETING_VERSION = 0.5;
				PRODUCT_BUNDLE_IDENTIFIER = com.Hassan.OnScreenGamepad;
				PRODUCT_NAME = "$(TARGET_NAME)";
				PROVISIONING_PROFILE_SPECIFIER = "";
				"PROVISIONING_PROFILE_SPECIFIER[sdk=macosx*]" = "";
				SWIFT_EMIT_LOC_STRINGS = YES;
				SWIFT_VERSION = 5.0;
			};
			name = Debug;
		};
		REL0 /* Release */ = {
			isa = XCBuildConfiguration;
			buildSettings = {
				ALWAYS_SEARCH_USER_PATHS = NO;
				CLANG_ANALYZER_NONNULL = YES;
				CLANG_CXX_LANGUAGE_STANDARD = "gnu++20";
				CLANG_ENABLE_MODULES = YES;
				CLANG_ENABLE_OBJC_ARC = YES;
				CLANG_ENABLE_OBJC_WEAK = YES;
				COPY_PHASE_STRIP = NO;
				DEBUG_INFORMATION_FORMAT = "dwarf-with-dsym";
				ENABLE_NS_ASSERTIONS = NO;
				ENABLE_STRICT_OBJC_MSGSEND = YES;
				GCC_C_LANGUAGE_STANDARD = gnu17;
				GCC_NO_COMMON_BLOCKS = YES;
				MACOSX_DEPLOYMENT_TARGET = 13.0;
				MTL_FAST_MATH = YES;
				SDKROOT = macosx;
				SWIFT_COMPILATION_MODE = wholemodule;
				SWIFT_OPTIMIZATION_LEVEL = "-O";
			};
			name = Release;
		};
		REL1 /* Release */ = {
			isa = XCBuildConfiguration;
			buildSettings = {
				ASSETCATALOG_COMPILER_APPICON_NAME = AppIcon;
				CODE_SIGN_ENTITLEMENTS = OnScreenGamepad/OnScreenGamepad.entitlements;
				"CODE_SIGN_IDENTITY[sdk=macosx*]" = "Apple Development";
				CODE_SIGN_STYLE = Manual;
				COMBINE_HIDPI_IMAGES = YES;
				CURRENT_PROJECT_VERSION = 1;
				DEVELOPMENT_TEAM = "";
				"DEVELOPMENT_TEAM[sdk=macosx*]" = 29P5MA925S;
				GENERATE_INFOPLIST_FILE = NO;
				INFOPLIST_FILE = OnScreenGamepad/Info.plist;
				INFOPLIST_KEY_LSApplicationCategoryType = "public.app-category.utilities";
				LD_RUNPATH_SEARCH_PATHS = (
					"$(inherited)",
					"@executable_path/../Frameworks",
				);
				MARKETING_VERSION = 0.5;
				PRODUCT_BUNDLE_IDENTIFIER = com.Hassan.OnScreenGamepad;
				PRODUCT_NAME = "$(TARGET_NAME)";
				PROVISIONING_PROFILE_SPECIFIER = "";
				"PROVISIONING_PROFILE_SPECIFIER[sdk=macosx*]" = "";
				SWIFT_EMIT_LOC_STRINGS = YES;
				SWIFT_VERSION = 5.0;
			};
			name = Release;
		};
/* End XCBuildConfiguration section */

/* Begin XCConfigurationList section */
		CFG0 /* Build configuration list for PBXProject "OnScreenGamepad" */ = {
			isa = XCConfigurationList;
			buildConfigurations = (
				DBG0 /* Debug */,
				REL0 /* Release */,
			);
			defaultConfigurationIsVisible = 0;
			defaultConfigurationName = Release;
		};
		CFG1 /* Build configuration list for PBXNativeTarget "OnScreenGamepad" */ = {
			isa = XCConfigurationList;
			buildConfigurations = (
				DBG1 /* Debug */,
				REL1 /* Release */,
			);
			defaultConfigurationIsVisible = 0;
			defaultConfigurationName = Release;
		};
/* End XCConfigurationList section */
	};
	rootObject = PROJ /* Project object */;
}
